
Microsoft Visual Studio Solution File, Format Version 12.00
# Visual Studio Version 17
VisualStudioVersion = 17.9.34616.47
MinimumVisualStudioVersion = 10.0.40219.1
Project("{FAE04EC0-301F-11D3-BF4B-00C04F79EFBC}") = "ATM Machine UPDATE", "ATM Machine UPDATE.csproj", "{19A65B96-D0BF-421D-B0DC-AF4649F7F302}"
EndProject
Global
	GlobalSection(SolutionConfigurationPlatforms) = preSolution
		Debug|Any CPU = Debug|Any CPU
		Release|Any CPU = Release|Any CPU
	EndGlobalSection
	GlobalSection(ProjectConfigurationPlatforms) = postSolution
		{19A65B96-D0BF-421D-B0DC-AF4649F7F302}.Debug|Any CPU.ActiveCfg = Debug|Any CPU
		{19A65B96-D0BF-421D-B0DC-AF4649F7F302}.Debug|Any CPU.Build.0 = Debug|Any CPU
		{19A65B96-D0BF-421D-B0DC-AF4649F7F302}.Release|Any CPU.ActiveCfg = Release|Any CPU
		{19A65B96-D0BF-421D-B0DC-AF4649F7F302}.Release|Any CPU.Build.0 = Release|Any CPU
	EndGlobalSection
	GlobalSection(SolutionProperties) = preSolution
		HideSolutionNode = FALSE
	EndGlobalSection
	GlobalSection(ExtensibilityGlobals) = postSolution
		SolutionGuid = {06B6E357-D450-4875-BDBD-C6BECC3807CA}
	EndGlobalSection
EndGlobal
